
Microsoft Visual Studio Solution File, Format Version 12.00
# Visual Studio Version 16
VisualStudioVersion = 16.0.29905.134
MinimumVisualStudioVersion = 10.0.40219.1
Project("{FAE04EC0-301F-11D3-BF4B-00C04F79EFBC}") = "az-membermanagement-af01", "az-membermanagement-af01\az-membermanagement-af01.csproj", "{691B190C-9BE3-4697-93AA-0CD48D7DB41A}"
EndProject
Global
	GlobalSection(SolutionConfigurationPlatforms) = preSolution
		Debug|Any CPU = Debug|Any CPU
		Release|Any CPU = Release|Any CPU
	EndGlobalSection
	GlobalSection(ProjectConfigurationPlatforms) = postSolution
		{691B190C-9BE3-4697-93AA-0CD48D7DB41A}.Debug|Any CPU.ActiveCfg = Debug|Any CPU
		{691B190C-9BE3-4697-93AA-0CD48D7DB41A}.Debug|Any CPU.Build.0 = Debug|Any CPU
		{691B190C-9BE3-4697-93AA-0CD48D7DB41A}.Release|Any CPU.ActiveCfg = Release|Any CPU
		{691B190C-9BE3-4697-93AA-0CD48D7DB41A}.Release|Any CPU.Build.0 = Release|Any CPU
	EndGlobalSection
	GlobalSection(SolutionProperties) = preSolution
		HideSolutionNode = FALSE
	EndGlobalSection
	GlobalSection(ExtensibilityGlobals) = postSolution
		SolutionGuid = {8589E039-CA92-4401-AD40-5F3E55C68114}
	EndGlobalSection
EndGlobal
