
Microsoft Visual Studio Solution File, Format Version 12.00
# Visual Studio Version 16
VisualStudioVersion = 16.0.29905.134
MinimumVisualStudioVersion = 10.0.40219.1
Project("{FAE04EC0-301F-11D3-BF4B-00C04F79EFBC}") = "az-bookmanagement-af01", "az-bookmanagement-af01\az-bookmanagement-af01.csproj", "{B7406F24-5923-43AD-96E3-B7D56D27FAD7}"
EndProject
Global
	GlobalSection(SolutionConfigurationPlatforms) = preSolution
		Debug|Any CPU = Debug|Any CPU
		Release|Any CPU = Release|Any CPU
	EndGlobalSection
	GlobalSection(ProjectConfigurationPlatforms) = postSolution
		{B7406F24-5923-43AD-96E3-B7D56D27FAD7}.Debug|Any CPU.ActiveCfg = Debug|Any CPU
		{B7406F24-5923-43AD-96E3-B7D56D27FAD7}.Debug|Any CPU.Build.0 = Debug|Any CPU
		{B7406F24-5923-43AD-96E3-B7D56D27FAD7}.Release|Any CPU.ActiveCfg = Release|Any CPU
		{B7406F24-5923-43AD-96E3-B7D56D27FAD7}.Release|Any CPU.Build.0 = Release|Any CPU
	EndGlobalSection
	GlobalSection(SolutionProperties) = preSolution
		HideSolutionNode = FALSE
	EndGlobalSection
	GlobalSection(ExtensibilityGlobals) = postSolution
		SolutionGuid = {469E4911-B65C-423F-A3E6-EE2AA68F8F07}
	EndGlobalSection
EndGlobal
