
Microsoft Visual Studio Solution File, Format Version 12.00
# Visual Studio Version 16
VisualStudioVersion = 16.0.29905.134
MinimumVisualStudioVersion = 10.0.40219.1
Project("{FAE04EC0-301F-11D3-BF4B-00C04F79EFBC}") = "az-bookreservation-af01", "az-bookreservation-af01\az-bookreservation-af01.csproj", "{01672AEF-03BB-4B27-ACCB-DB6AA85F4F90}"
EndProject
Global
	GlobalSection(SolutionConfigurationPlatforms) = preSolution
		Debug|Any CPU = Debug|Any CPU
		Release|Any CPU = Release|Any CPU
	EndGlobalSection
	GlobalSection(ProjectConfigurationPlatforms) = postSolution
		{01672AEF-03BB-4B27-ACCB-DB6AA85F4F90}.Debug|Any CPU.ActiveCfg = Debug|Any CPU
		{01672AEF-03BB-4B27-ACCB-DB6AA85F4F90}.Debug|Any CPU.Build.0 = Debug|Any CPU
		{01672AEF-03BB-4B27-ACCB-DB6AA85F4F90}.Release|Any CPU.ActiveCfg = Release|Any CPU
		{01672AEF-03BB-4B27-ACCB-DB6AA85F4F90}.Release|Any CPU.Build.0 = Release|Any CPU
	EndGlobalSection
	GlobalSection(SolutionProperties) = preSolution
		HideSolutionNode = FALSE
	EndGlobalSection
	GlobalSection(ExtensibilityGlobals) = postSolution
		SolutionGuid = {5FA67340-400E-47BB-BA96-A1257D296674}
	EndGlobalSection
EndGlobal
